
Microsoft Visual Studio Solution File, Format Version 12.00
# Visual Studio Version 17
VisualStudioVersion = 17.1.32421.90
MinimumVisualStudioVersion = 10.0.40219.1
Project("{FAE04EC0-301F-11D3-BF4B-00C04F79EFBC}") = "07CloudHandson", "07CloudHandson\07CloudHandson.csproj", "{21E7CB95-A614-4C59-B425-B8856FAD4278}"
EndProject
Global
	GlobalSection(SolutionConfigurationPlatforms) = preSolution
		Debug|Any CPU = Debug|Any CPU
		Release|Any CPU = Release|Any CPU
	EndGlobalSection
	GlobalSection(ProjectConfigurationPlatforms) = postSolution
		{21E7CB95-A614-4C59-B425-B8856FAD4278}.Debug|Any CPU.ActiveCfg = Debug|Any CPU
		{21E7CB95-A614-4C59-B425-B8856FAD4278}.Debug|Any CPU.Build.0 = Debug|Any CPU
		{21E7CB95-A614-4C59-B425-B8856FAD4278}.Release|Any CPU.ActiveCfg = Release|Any CPU
		{21E7CB95-A614-4C59-B425-B8856FAD4278}.Release|Any CPU.Build.0 = Release|Any CPU
	EndGlobalSection
	GlobalSection(SolutionProperties) = preSolution
		HideSolutionNode = FALSE
	EndGlobalSection
	GlobalSection(ExtensibilityGlobals) = postSolution
		SolutionGuid = {ABE419DB-B548-4486-B084-F4715846DF15}
	EndGlobalSection
EndGlobal
